<?xml version="1.0" encoding="UTF-8" standalone="yes" ?>
<CodeBlocks_project_file>
	<FileVersion major="1" minor="6" />
	<Project>
		<Option title="Irrlicht" />
		<Option pch_mode="2" />
		<Option compiler="gcc" />
		<Build>
			<Target title="Debug">
				<Option output="bin/Debug/Irrlicht" prefix_auto="1" extension_auto="1" />
				<Option object_output="obj/Debug/" />
				<Option type="1" />
				<Option compiler="gcc" />
				<Compiler>
					<Add option="-g" />
					<Add directory="include" />
				</Compiler>
			</Target>
			<Target title="Release">
				<Option output="bin/Release/Irrlicht" prefix_auto="1" extension_auto="1" />
				<Option object_output="obj/Release/" />
				<Option type="1" />
				<Option compiler="gcc" />
				<Compiler>
					<Add option="-O2" />
					<Add directory="include" />
				</Compiler>
				<Linker>
					<Add option="-s" />
				</Linker>
			</Target>
		</Build>
		<Compiler>
			<Add option="-Wall" />
			<Add option="-fexceptions" />
		</Compiler>
		<Unit filename="include/Arma.h" />
		<Unit filename="include/Bala.h" />
		<Unit filename="include/Bot.h" />
		<Unit filename="include/Camera.h" />
		<Unit filename="include/IrrManager.h" />
		<Unit filename="include/Map.h" />
		<Unit filename="include/MyContactListener.h" />
		<Unit filename="include/MyEventReceiver.h" />
		<Unit filename="include/PhysicWorld.h" />
		<Unit filename="include/Platform.h" />
		<Unit filename="include/Player.h" />
		<Unit filename="include/cuboMierda.h" />
		<Unit filename="include/fuzzy/FuzzyHedges.h" />
		<Unit filename="include/fuzzy/FuzzyModule.h" />
		<Unit filename="include/fuzzy/FuzzyOperators.h" />
		<Unit filename="include/fuzzy/FuzzyRule.h" />
		<Unit filename="include/fuzzy/FuzzySet.h" />
		<Unit filename="include/fuzzy/FuzzySet_LeftShoulder.h" />
		<Unit filename="include/fuzzy/FuzzySet_RightShoulder.h" />
		<Unit filename="include/fuzzy/FuzzySet_Shoulder.h" />
		<Unit filename="include/fuzzy/FuzzySet_Singleton.h" />
		<Unit filename="include/fuzzy/FuzzySet_Triangle.h" />
		<Unit filename="include/fuzzy/FuzzyTerm.h" />
		<Unit filename="include/fuzzy/FuzzyVariable.h" />
		<Unit filename="include/fuzzy/FzSet.h" />
		<Unit filename="include/fuzzy/utils.h" />
		<Unit filename="main.cpp" />
		<Unit filename="src/Arma.cpp" />
		<Unit filename="src/Bala.cpp" />
		<Unit filename="src/Bot.cpp" />
		<Unit filename="src/Camera.cpp" />
		<Unit filename="src/IrrManager.cpp" />
		<Unit filename="src/Map.cpp" />
		<Unit filename="src/MyContactListener.cpp" />
		<Unit filename="src/MyEventReceiver.cpp" />
		<Unit filename="src/PhysicWorld.cpp" />
		<Unit filename="src/Platform.cpp" />
		<Unit filename="src/Player.cpp" />
		<Unit filename="src/cuboMierda.cpp" />
		<Unit filename="src/fuzzy/FuzzyModule.cpp" />
		<Unit filename="src/fuzzy/FuzzyOperators.cpp" />
		<Unit filename="src/fuzzy/FuzzySet_LeftShoulder.cpp" />
		<Unit filename="src/fuzzy/FuzzySet_RightShoulder.cpp" />
		<Unit filename="src/fuzzy/FuzzySet_Singleton.cpp" />
		<Unit filename="src/fuzzy/FuzzySet_Triangle.cpp" />
		<Unit filename="src/fuzzy/FuzzyVariable.cpp" />
		<Extensions>
			<code_completion />
			<envvars />
			<debugger />
			<lib_finder disable_auto="1" />
		</Extensions>
	</Project>
</CodeBlocks_project_file>
